
Microsoft Visual Studio Solution File, Format Version 12.00
# Visual Studio Version 17
VisualStudioVersion = 17.13.35806.99 d17.13
MinimumVisualStudioVersion = 10.0.40219.1
Project("{FAE04EC0-301F-11D3-BF4B-00C04F79EFBC}") = "Parent_Teacher", "..\Parent_Teacher\Parent_Teacher\Parent_Teacher.csproj", "{80DCCE2B-0A7E-41EE-BDAD-CD6AC675BE4F}"
EndProject
Global
	GlobalSection(SolutionConfigurationPlatforms) = preSolution
		Debug|Any CPU = Debug|Any CPU
		Release|Any CPU = Release|Any CPU
	EndGlobalSection
	GlobalSection(ProjectConfigurationPlatforms) = postSolution
		{80DCCE2B-0A7E-41EE-BDAD-CD6AC675BE4F}.Debug|Any CPU.ActiveCfg = Debug|Any CPU
		{80DCCE2B-0A7E-41EE-BDAD-CD6AC675BE4F}.Debug|Any CPU.Build.0 = Debug|Any CPU
		{80DCCE2B-0A7E-41EE-BDAD-CD6AC675BE4F}.Release|Any CPU.ActiveCfg = Release|Any CPU
		{80DCCE2B-0A7E-41EE-BDAD-CD6AC675BE4F}.Release|Any CPU.Build.0 = Release|Any CPU
	EndGlobalSection
	GlobalSection(SolutionProperties) = preSolution
		HideSolutionNode = FALSE
	EndGlobalSection
	GlobalSection(ExtensibilityGlobals) = postSolution
		SolutionGuid = {0EDA53CC-9D09-4B8D-BD46-FA65109D713A}
	EndGlobalSection
EndGlobal
